
Microsoft Visual Studio Solution File, Format Version 12.00
# Visual Studio Version 17
VisualStudioVersion = 17.14.36705.20 d17.14
MinimumVisualStudioVersion = 10.0.40219.1
Project("{888888A0-9F3D-457C-B088-3A5042F75D52}") = "python_version", "python_version.pyproj", "{EE6C49DD-EAF5-4727-968D-5CE53DA2AE69}"
EndProject
Global
	GlobalSection(SolutionConfigurationPlatforms) = preSolution
		Debug|Any CPU = Debug|Any CPU
		Release|Any CPU = Release|Any CPU
	EndGlobalSection
	GlobalSection(ProjectConfigurationPlatforms) = postSolution
		{EE6C49DD-EAF5-4727-968D-5CE53DA2AE69}.Debug|Any CPU.ActiveCfg = Debug|Any CPU
		{EE6C49DD-EAF5-4727-968D-5CE53DA2AE69}.Release|Any CPU.ActiveCfg = Release|Any CPU
	EndGlobalSection
	GlobalSection(SolutionProperties) = preSolution
		HideSolutionNode = FALSE
	EndGlobalSection
	GlobalSection(ExtensibilityGlobals) = postSolution
		SolutionGuid = {874277CE-7CF6-457B-9E64-52465DFF154E}
	EndGlobalSection
EndGlobal
